inputDeps:
- groupId: junit
  artifactId: junit
  version: 4.13.2
  scope: test
- groupId: com.itextpdf
  artifactId: itext-core
  version: 9.6.0
  scope: compile
lockedDeps:
- groupId: org.slf4j
  artifactId: slf4j-api
  version: 1.7.36
  scope: compile
- groupId: com.itextpdf
  artifactId: bouncy-castle-connector
  version: 9.6.0
  scope: compile
- groupId: com.fasterxml.jackson.core
  artifactId: jackson-databind
  version: 2.21.1
  scope: compile
- groupId: org.apache.santuario
  artifactId: xmlsec
  version: 3.0.6
  scope: compile
- groupId: com.itextpdf
  artifactId: forms
  version: 9.6.0
  scope: compile
- groupId: com.itextpdf
  artifactId: font-asian
  version: 9.6.0
  scope: compile
- groupId: com.itextpdf
  artifactId: layout
  version: 9.6.0
  scope: compile
- groupId: com.itextpdf
  artifactId: commons
  version: 9.6.0
  scope: compile
- groupId: com.itextpdf
  artifactId: barcodes
  version: 9.6.0
  scope: compile
- groupId: commons-codec
  artifactId: commons-codec
  version: 1.18.0
  scope: compile
- groupId: com.itextpdf
  artifactId: pdfa
  version: 9.6.0
  scope: compile
- groupId: com.itextpdf
  artifactId: svg
  version: 9.6.0
  scope: compile
- groupId: com.itextpdf
  artifactId: io
  version: 9.6.0
  scope: compile
- groupId: com.sun.activation
  artifactId: jakarta.activation
  version: 2.0.1
  scope: compile
- groupId: com.itextpdf
  artifactId: kernel
  version: 9.6.0
  scope: compile
- groupId: com.itextpdf
  artifactId: sign
  version: 9.6.0
  scope: compile
- groupId: jakarta.xml.bind
  artifactId: jakarta.xml.bind-api
  version: 3.0.1
  scope: compile
- groupId: com.itextpdf
  artifactId: styled-xml-parser
  version: 9.6.0
  scope: compile
- groupId: com.fasterxml.jackson.core
  artifactId: jackson-annotations
  version: '2.21'
  scope: compile
- groupId: com.itextpdf
  artifactId: hyph
  version: 9.6.0
  scope: compile
- groupId: com.itextpdf
  artifactId: pdfua
  version: 9.6.0
  scope: compile
- groupId: com.itextpdf
  artifactId: itext-core
  version: 9.6.0
  scope: compile
